{
  "platform": {
    "version": "0.9.0"
  },
  "entries": [
    {
      "name": "Osysharp.Collaboration",
      "kind": "package",
      "version": "0.1.1",
      "hash": "sha256:f51e3ea987b977c943ae226435085f4be8d9601eb4daac409d4c636a41cef55b",
      "minPlatform": "0.9.0",
      "shadow": "app-forkable",
      "source": "workspace:kits/collaboration",
      "constraint": "0"
    },
    {
      "name": "Osysharp.Identity",
      "kind": "package",
      "version": "0.8.0",
      "hash": "sha256:7fadb5f2628cfd6895c44d2e88725b39055ea36c3a8276b3b345c72a931f4358",
      "minPlatform": "0.9.0",
      "shadow": "app-forkable",
      "source": "workspace:kits/identity",
      "constraint": "0"
    },
    {
      "name": "Osysharp.Observability",
      "kind": "package",
      "version": "1.0.1",
      "hash": "sha256:240f2b9d4a764186a4511669df519ad88399cc771ed87a643089a65ec25778f3",
      "minPlatform": "0.9.0",
      "shadow": "app-forkable",
      "source": "workspace:Platform.Core/Dsl/OsySharp/Baseline/Capabilities/Observability"
    },
    {
      "name": "Osysharp.Ui",
      "kind": "package",
      "version": "2.18.1",
      "hash": "sha256:5dae9b4103cc649967664228cc945c2d8b5bd9ff8d45e62bf9b67d9db079545e",
      "minPlatform": "0.9.0",
      "shadow": "app-forkable",
      "source": "workspace:Platform.Core/Dsl/OsySharp/Baseline/Capabilities/Ui"
    },
    {
      "name": "Osysharp.Conversations",
      "kind": "package",
      "version": "0.25.0",
      "hash": "sha256:68561167491179c3f426264ab1a8139ee418cb7c6ffa5a3fe26904eae61e5dde",
      "minPlatform": "0.9.0",
      "shadow": "app-forkable",
      "source": "workspace:kits/conversations",
      "constraint": "0"
    },
    {
      "name": "Osysharp.Workflow",
      "kind": "package",
      "version": "1.0.1",
      "hash": "sha256:9f7ccf1f6dbf22b62e551b015333d41c46431491acd812fb626762531e2a97f8",
      "minPlatform": "0.9.0",
      "shadow": "app-forkable",
      "source": "workspace:Platform.Core/Dsl/OsySharp/Baseline/Capabilities/Workflow"
    },
    {
      "name": "Osysharp.Memory",
      "kind": "package",
      "version": "1.0.1",
      "hash": "sha256:90fbdb0f04af2cb4b9893812d4f2d188f5fdc4ef9aa690e0514c2a141ee05618",
      "minPlatform": "0.9.0",
      "shadow": "app-forkable",
      "source": "workspace:Platform.Core/Dsl/OsySharp/Baseline/Capabilities/Memory"
    },
    {
      "name": "Osysharp.Storage",
      "kind": "package",
      "version": "1.2.1",
      "hash": "sha256:a344786f4417d7005fb72cb752389bc62ae3e8623fb2cce4b3982fc9b3c7699d",
      "minPlatform": "0.9.0",
      "shadow": "app-forkable",
      "source": "workspace:Platform.Core/Dsl/OsySharp/Baseline/Capabilities/Storage"
    },
    {
      "name": "Osysharp.MachineTranslation",
      "kind": "package",
      "version": "0.2.1",
      "hash": "sha256:f390f31397c0f9488849f866523cdc37c53c4c4fd4a1127fb999bf9a9473997d",
      "minPlatform": "0.9.0",
      "shadow": "app-forkable",
      "source": "workspace:kits/machine-translation",
      "constraint": "0"
    },
    {
      "name": "Osysharp.Conversations.MachineTranslation",
      "kind": "package",
      "version": "0.2.1",
      "hash": "sha256:f21577a5ce70a7e4142722e0d36edcc46b9e4b9d47b5780ee22b0f62745cbccc",
      "minPlatform": "0.9.0",
      "shadow": "app-forkable",
      "source": "workspace:kits/conversations-machine-translation",
      "included": "completes Osysharp.Conversations \u002B Osysharp.MachineTranslation"
    }
  ],
  "bridges": {
    "searched": [
      "workspace",
      "platform"
    ],
    "skipped": [
      "github: offline \u2014 the public catalog was not searched for bridges. Run \u0060osy lock\u0060 with a network to look."
    ],
    "notIncluded": [
      {
        "name": "Osysharp.Conversations.Mail",
        "reason": "completes Osysharp.Conversations \u002B Osysharp.Mail.Receiving, and this app does not use \u0060Osysharp.Mail.Receiving\u0060."
      },
      {
        "name": "Osysharp.Conversations.Sms",
        "reason": "completes Osysharp.Conversations \u002B Osysharp.Sms, and this app does not use \u0060Osysharp.Sms\u0060."
      },
      {
        "name": "Osysharp.Privacy.Conversations",
        "reason": "completes Osysharp.Privacy \u002B Osysharp.Conversations, and this app does not use \u0060Osysharp.Privacy\u0060."
      }
    ]
  }
}